dependencies:
- name: k8ssandra
  repository: https://helm.k8ssandra.io/stable
  version: 1.5.0-20220218064357-f72a8cb2
- name: traefik
  repository: https://helm.traefik.io/traefik
  version: 10.14.2
- name: fsmakkakafka
  repository: ""
  version: 1.0.0
- name: elasticsearch
  repository: https://helm.elastic.co/
  version: 7.16.3
- name: nexus-repository-manager
  repository: https://sonatype.github.io/helm3-charts/
  version: 38.0.0
- name: metrics-server
  repository: https://kubernetes-sigs.github.io/metrics-server/
  version: 3.8.2
digest: sha256:0c1ed6fceba5d05660209f176c70955e06e68c16cb28ca18f00bfcfeeeb574ee
generated: "2022-11-22T11:34:14.449254+01:00"
