dependencies:
- name: k8ssandra
  repository: https://helm.k8ssandra.io/stable
  version: 1.5.0-20220218064357-f72a8cb2
- name: traefik
  repository: https://helm.traefik.io/traefik
  version: 20.6.0
- name: fsmakkakafka
  repository: ""
  version: 1.0.0
- name: elasticsearch
  repository: https://helm.elastic.co/
  version: 7.16.3
- name: nexus-repository-manager
  repository: https://sonatype.github.io/helm3-charts/
  version: 38.0.0
- name: metrics-server
  repository: https://kubernetes-sigs.github.io/metrics-server/
  version: 3.8.2
- name: nginx-ingress
  repository: https://helm.nginx.com/stable
  version: 0.15.2
digest: sha256:ed185df41f688ea386bf6ce2ea6f40cb9caeb4e0f54f911fb969540aa41c7b4e
generated: "2022-12-07T16:21:10.844601+01:00"
